// !$*UTF8*$!
{
	archiveVersion = 1;
	classes = {
	};
	objectVersion = 56;
	objects = {

/* Begin PBXBuildFile section */
		DD2FD6222962BAFF00D48107 /* AppDelegate.swift in Sources */ = {isa = PBXBuildFile; fileRef = DD2FD6212962BAFF00D48107 /* AppDelegate.swift */; };
		DD2FD6242962BAFF00D48107 /* SceneDelegate.swift in Sources */ = {isa = PBXBuildFile; fileRef = DD2FD6232962BAFF00D48107 /* SceneDelegate.swift */; };
		DD2FD62B2962BB0000D48107 /* Assets.xcassets in Resources */ = {isa = PBXBuildFile; fileRef = DD2FD62A2962BB0000D48107 /* Assets.xcassets */; };
		DD2FD62E2962BB0000D48107 /* LaunchScreen.storyboard in Resources */ = {isa = PBXBuildFile; fileRef = DD2FD62C2962BB0000D48107 /* LaunchScreen.storyboard */; };
		DD2FD63C2962BD6100D48107 /* HomeScreen.swift in Sources */ = {isa = PBXBuildFile; fileRef = DD2FD63B2962BD6100D48107 /* HomeScreen.swift */; };
		DD2FD63E2962BD9200D48107 /* NetworkManager.swift in Sources */ = {isa = PBXBuildFile; fileRef = DD2FD63D2962BD9200D48107 /* NetworkManager.swift */; };
		DD2FD6402962C15700D48107 /* Movie.swift in Sources */ = {isa = PBXBuildFile; fileRef = DD2FD63F2962C15700D48107 /* Movie.swift */; };
		DD2FD6422962C38B00D48107 /* MovieService.swift in Sources */ = {isa = PBXBuildFile; fileRef = DD2FD6412962C38B00D48107 /* MovieService.swift */; };
		DD2FD6442962DED900D48107 /* APIURLs.swift in Sources */ = {isa = PBXBuildFile; fileRef = DD2FD6432962DED900D48107 /* APIURLs.swift */; };
		DD2FD6462962DF6400D48107 /* HomeViewModel.swift in Sources */ = {isa = PBXBuildFile; fileRef = DD2FD6452962DF6400D48107 /* HomeViewModel.swift */; };
		DD2FD6492962F4C800D48107 /* UIView+Ext.swift in Sources */ = {isa = PBXBuildFile; fileRef = DD2FD6482962F4C800D48107 /* UIView+Ext.swift */; };
		DD2FD64B2962F6AD00D48107 /* UIHelper.swift in Sources */ = {isa = PBXBuildFile; fileRef = DD2FD64A2962F6AD00D48107 /* UIHelper.swift */; };
		DD2FD64D2962F76000D48107 /* CGFloat+Ext.swift in Sources */ = {isa = PBXBuildFile; fileRef = DD2FD64C2962F76000D48107 /* CGFloat+Ext.swift */; };
		DD2FD64F2962F8ED00D48107 /* MovieCell.swift in Sources */ = {isa = PBXBuildFile; fileRef = DD2FD64E2962F8ED00D48107 /* MovieCell.swift */; };
		DD2FD6512963186F00D48107 /* PosterImageView.swift in Sources */ = {isa = PBXBuildFile; fileRef = DD2FD6502963186F00D48107 /* PosterImageView.swift */; };
/* End PBXBuildFile section */

/* Begin PBXFileReference section */
		DD2FD61E2962BAFF00D48107 /* Movie App.app */ = {isa = PBXFileReference; explicitFileType = wrapper.application; includeInIndex = 0; path = "Movie App.app"; sourceTree = BUILT_PRODUCTS_DIR; };
		DD2FD6212962BAFF00D48107 /* AppDelegate.swift */ = {isa = PBXFileReference; lastKnownFileType = sourcecode.swift; path = AppDelegate.swift; sourceTree = "<group>"; };
		DD2FD6232962BAFF00D48107 /* SceneDelegate.swift */ = {isa = PBXFileReference; lastKnownFileType = sourcecode.swift; path = SceneDelegate.swift; sourceTree = "<group>"; };
		DD2FD62A2962BB0000D48107 /* Assets.xcassets */ = {isa = PBXFileReference; lastKnownFileType = folder.assetcatalog; path = Assets.xcassets; sourceTree = "<group>"; };
		DD2FD62D2962BB0000D48107 /* Base */ = {isa = PBXFileReference; lastKnownFileType = file.storyboard; name = Base; path = Base.lproj/LaunchScreen.storyboard; sourceTree = "<group>"; };
		DD2FD62F2962BB0000D48107 /* Info.plist */ = {isa = PBXFileReference; lastKnownFileType = text.plist.xml; path = Info.plist; sourceTree = "<group>"; };
		DD2FD63B2962BD6100D48107 /* HomeScreen.swift */ = {isa = PBXFileReference; lastKnownFileType = sourcecode.swift; path = HomeScreen.swift; sourceTree = "<group>"; };
		DD2FD63D2962BD9200D48107 /* NetworkManager.swift */ = {isa = PBXFileReference; lastKnownFileType = sourcecode.swift; path = NetworkManager.swift; sourceTree = "<group>"; };
		DD2FD63F2962C15700D48107 /* Movie.swift */ = {isa = PBXFileReference; lastKnownFileType = sourcecode.swift; path = Movie.swift; sourceTree = "<group>"; };
		DD2FD6412962C38B00D48107 /* MovieService.swift */ = {isa = PBXFileReference; lastKnownFileType = sourcecode.swift; path = MovieService.swift; sourceTree = "<group>"; };
		DD2FD6432962DED900D48107 /* APIURLs.swift */ = {isa = PBXFileReference; lastKnownFileType = sourcecode.swift; path = APIURLs.swift; sourceTree = "<group>"; };
		DD2FD6452962DF6400D48107 /* HomeViewModel.swift */ = {isa = PBXFileReference; lastKnownFileType = sourcecode.swift; path = HomeViewModel.swift; sourceTree = "<group>"; };
		DD2FD6482962F4C800D48107 /* UIView+Ext.swift */ = {isa = PBXFileReference; lastKnownFileType = sourcecode.swift; path = "UIView+Ext.swift"; sourceTree = "<group>"; };
		DD2FD64A2962F6AD00D48107 /* UIHelper.swift */ = {isa = PBXFileReference; lastKnownFileType = sourcecode.swift; path = UIHelper.swift; sourceTree = "<group>"; };
		DD2FD64C2962F76000D48107 /* CGFloat+Ext.swift */ = {isa = PBXFileReference; lastKnownFileType = sourcecode.swift; path = "CGFloat+Ext.swift"; sourceTree = "<group>"; };
		DD2FD64E2962F8ED00D48107 /* MovieCell.swift */ = {isa = PBXFileReference; lastKnownFileType = sourcecode.swift; path = MovieCell.swift; sourceTree = "<group>"; };
		DD2FD6502963186F00D48107 /* PosterImageView.swift */ = {isa = PBXFileReference; lastKnownFileType = sourcecode.swift; path = PosterImageView.swift; sourceTree = "<group>"; };
/* End PBXFileReference section */

/* Begin PBXFrameworksBuildPhase section */
		DD2FD61B2962BAFF00D48107 /* Frameworks */ = {
			isa = PBXFrameworksBuildPhase;
			buildActionMask = 2147483647;
			files = (
			);
			runOnlyForDeploymentPostprocessing = 0;
		};
/* End PBXFrameworksBuildPhase section */

/* Begin PBXGroup section */
		DD2FD6152962BAFF00D48107 = {
			isa = PBXGroup;
			children = (
				DD2FD6202962BAFF00D48107 /* Movie App */,
				DD2FD61F2962BAFF00D48107 /* Products */,
			);
			sourceTree = "<group>";
		};
		DD2FD61F2962BAFF00D48107 /* Products */ = {
			isa = PBXGroup;
			children = (
				DD2FD61E2962BAFF00D48107 /* Movie App.app */,
			);
			name = Products;
			sourceTree = "<group>";
		};
		DD2FD6202962BAFF00D48107 /* Movie App */ = {
			isa = PBXGroup;
			children = (
				DD2FD6472962F4AF00D48107 /* Extension */,
				DD2FD6372962BC5900D48107 /* Models */,
				DD2FD6362962BC4C00D48107 /* Services */,
				DD2FD6352962BC3900D48107 /* Utilities */,
				DD2FD6382962BC6000D48107 /* Core */,
				DD2FD6212962BAFF00D48107 /* AppDelegate.swift */,
				DD2FD6232962BAFF00D48107 /* SceneDelegate.swift */,
				DD2FD62A2962BB0000D48107 /* Assets.xcassets */,
				DD2FD62C2962BB0000D48107 /* LaunchScreen.storyboard */,
				DD2FD62F2962BB0000D48107 /* Info.plist */,
			);
			path = "Movie App";
			sourceTree = "<group>";
		};
		DD2FD6352962BC3900D48107 /* Utilities */ = {
			isa = PBXGroup;
			children = (
				DD2FD63D2962BD9200D48107 /* NetworkManager.swift */,
				DD2FD6432962DED900D48107 /* APIURLs.swift */,
				DD2FD64A2962F6AD00D48107 /* UIHelper.swift */,
			);
			path = Utilities;
			sourceTree = "<group>";
		};
		DD2FD6362962BC4C00D48107 /* Services */ = {
			isa = PBXGroup;
			children = (
				DD2FD6412962C38B00D48107 /* MovieService.swift */,
			);
			path = Services;
			sourceTree = "<group>";
		};
		DD2FD6372962BC5900D48107 /* Models */ = {
			isa = PBXGroup;
			children = (
				DD2FD63F2962C15700D48107 /* Movie.swift */,
			);
			path = Models;
			sourceTree = "<group>";
		};
		DD2FD6382962BC6000D48107 /* Core */ = {
			isa = PBXGroup;
			children = (
				DD2FD63A2962BD2100D48107 /* HomeScreen */,
				DD2FD6392962BC6600D48107 /* Components */,
			);
			path = Core;
			sourceTree = "<group>";
		};
		DD2FD6392962BC6600D48107 /* Components */ = {
			isa = PBXGroup;
			children = (
				DD2FD64E2962F8ED00D48107 /* MovieCell.swift */,
				DD2FD6502963186F00D48107 /* PosterImageView.swift */,
			);
			path = Components;
			sourceTree = "<group>";
		};
		DD2FD63A2962BD2100D48107 /* HomeScreen */ = {
			isa = PBXGroup;
			children = (
				DD2FD63B2962BD6100D48107 /* HomeScreen.swift */,
				DD2FD6452962DF6400D48107 /* HomeViewModel.swift */,
			);
			path = HomeScreen;
			sourceTree = "<group>";
		};
		DD2FD6472962F4AF00D48107 /* Extension */ = {
			isa = PBXGroup;
			children = (
				DD2FD6482962F4C800D48107 /* UIView+Ext.swift */,
				DD2FD64C2962F76000D48107 /* CGFloat+Ext.swift */,
			);
			path = Extension;
			sourceTree = "<group>";
		};
/* End PBXGroup section */

/* Begin PBXNativeTarget section */
		DD2FD61D2962BAFF00D48107 /* Movie App */ = {
			isa = PBXNativeTarget;
			buildConfigurationList = DD2FD6322962BB0000D48107 /* Build configuration list for PBXNativeTarget "Movie App" */;
			buildPhases = (
				DD2FD61A2962BAFF00D48107 /* Sources */,
				DD2FD61B2962BAFF00D48107 /* Frameworks */,
				DD2FD61C2962BAFF00D48107 /* Resources */,
			);
			buildRules = (
			);
			dependencies = (
			);
			name = "Movie App";
			productName = "Movie App";
			productReference = DD2FD61E2962BAFF00D48107 /* Movie App.app */;
			productType = "com.apple.product-type.application";
		};
/* End PBXNativeTarget section */

/* Begin PBXProject section */
		DD2FD6162962BAFF00D48107 /* Project object */ = {
			isa = PBXProject;
			attributes = {
				BuildIndependentTargetsInParallel = 1;
				LastSwiftUpdateCheck = 1400;
				LastUpgradeCheck = 1400;
				TargetAttributes = {
					DD2FD61D2962BAFF00D48107 = {
						CreatedOnToolsVersion = 14.0.1;
					};
				};
			};
			buildConfigurationList = DD2FD6192962BAFF00D48107 /* Build configuration list for PBXProject "Movie App" */;
			compatibilityVersion = "Xcode 14.0";
			developmentRegion = en;
			hasScannedForEncodings = 0;
			knownRegions = (
				en,
				Base,
			);
			mainGroup = DD2FD6152962BAFF00D48107;
			productRefGroup = DD2FD61F2962BAFF00D48107 /* Products */;
			projectDirPath = "";
			projectRoot = "";
			targets = (
				DD2FD61D2962BAFF00D48107 /* Movie App */,
			);
		};
/* End PBXProject section */

/* Begin PBXResourcesBuildPhase section */
		DD2FD61C2962BAFF00D48107 /* Resources */ = {
			isa = PBXResourcesBuildPhase;
			buildActionMask = 2147483647;
			files = (
				DD2FD62E2962BB0000D48107 /* LaunchScreen.storyboard in Resources */,
				DD2FD62B2962BB0000D48107 /* Assets.xcassets in Resources */,
			);
			runOnlyForDeploymentPostprocessing = 0;
		};
/* End PBXResourcesBuildPhase section */

/* Begin PBXSourcesBuildPhase section */
		DD2FD61A2962BAFF00D48107 /* Sources */ = {
			isa = PBXSourcesBuildPhase;
			buildActionMask = 2147483647;
			files = (
				DD2FD6422962C38B00D48107 /* MovieService.swift in Sources */,
				DD2FD63E2962BD9200D48107 /* NetworkManager.swift in Sources */,
				DD2FD64F2962F8ED00D48107 /* MovieCell.swift in Sources */,
				DD2FD6222962BAFF00D48107 /* AppDelegate.swift in Sources */,
				DD2FD64D2962F76000D48107 /* CGFloat+Ext.swift in Sources */,
				DD2FD64B2962F6AD00D48107 /* UIHelper.swift in Sources */,
				DD2FD6462962DF6400D48107 /* HomeViewModel.swift in Sources */,
				DD2FD6242962BAFF00D48107 /* SceneDelegate.swift in Sources */,
				DD2FD6492962F4C800D48107 /* UIView+Ext.swift in Sources */,
				DD2FD6442962DED900D48107 /* APIURLs.swift in Sources */,
				DD2FD63C2962BD6100D48107 /* HomeScreen.swift in Sources */,
				DD2FD6512963186F00D48107 /* PosterImageView.swift in Sources */,
				DD2FD6402962C15700D48107 /* Movie.swift in Sources */,
			);
			runOnlyForDeploymentPostprocessing = 0;
		};
/* End PBXSourcesBuildPhase section */

/* Begin PBXVariantGroup section */
		DD2FD62C2962BB0000D48107 /* LaunchScreen.storyboard */ = {
			isa = PBXVariantGroup;
			children = (
				DD2FD62D2962BB0000D48107 /* Base */,
			);
			name = LaunchScreen.storyboard;
			sourceTree = "<group>";
		};
/* End PBXVariantGroup section */

/* Begin XCBuildConfiguration section */
		DD2FD6302962BB0000D48107 /* Debug */ = {
			isa = XCBuildConfiguration;
			buildSettings = {
				ALWAYS_SEARCH_USER_PATHS = NO;
				CLANG_ANALYZER_NONNULL = YES;
				CLANG_ANALYZER_NUMBER_OBJECT_CONVERSION = YES_AGGRESSIVE;
				CLANG_CXX_LANGUAGE_STANDARD = "gnu++20";
				CLANG_ENABLE_MODULES = YES;
				CLANG_ENABLE_OBJC_ARC = YES;
				CLANG_ENABLE_OBJC_WEAK = YES;
				CLANG_WARN_BLOCK_CAPTURE_AUTORELEASING = YES;
				CLANG_WARN_BOOL_CONVERSION = YES;
				CLANG_WARN_COMMA = YES;
				CLANG_WARN_CONSTANT_CONVERSION = YES;
				CLANG_WARN_DEPRECATED_OBJC_IMPLEMENTATIONS = YES;
				CLANG_WARN_DIRECT_OBJC_ISA_USAGE = YES_ERROR;
				CLANG_WARN_DOCUMENTATION_COMMENTS = YES;
				CLANG_WARN_EMPTY_BODY = YES;
				CLANG_WARN_ENUM_CONVERSION = YES;
				CLANG_WARN_INFINITE_RECURSION = YES;
				CLANG_WARN_INT_CONVERSION = YES;
				CLANG_WARN_NON_LITERAL_NULL_CONVERSION = YES;
				CLANG_WARN_OBJC_IMPLICIT_RETAIN_SELF = YES;
				CLANG_WARN_OBJC_LITERAL_CONVERSION = YES;
				CLANG_WARN_OBJC_ROOT_CLASS = YES_ERROR;
				CLANG_WARN_QUOTED_INCLUDE_IN_FRAMEWORK_HEADER = YES;
				CLANG_WARN_RANGE_LOOP_ANALYSIS = YES;
				CLANG_WARN_STRICT_PROTOTYPES = YES;
				CLANG_WARN_SUSPICIOUS_MOVE = YES;
				CLANG_WARN_UNGUARDED_AVAILABILITY = YES_AGGRESSIVE;
				CLANG_WARN_UNREACHABLE_CODE = YES;
				CLANG_WARN__DUPLICATE_METHOD_MATCH = YES;
				COPY_PHASE_STRIP = NO;
				DEBUG_INFORMATION_FORMAT = dwarf;
				ENABLE_STRICT_OBJC_MSGSEND = YES;
				ENABLE_TESTABILITY = YES;
				GCC_C_LANGUAGE_STANDARD = gnu11;
				GCC_DYNAMIC_NO_PIC = NO;
				GCC_NO_COMMON_BLOCKS = YES;
				GCC_OPTIMIZATION_LEVEL = 0;
				GCC_PREPROCESSOR_DEFINITIONS = (
					"DEBUG=1",
					"$(inherited)",
				);
				GCC_WARN_64_TO_32_BIT_CONVERSION = YES;
				GCC_WARN_ABOUT_RETURN_TYPE = YES_ERROR;
				GCC_WARN_UNDECLARED_SELECTOR = YES;
				GCC_WARN_UNINITIALIZED_AUTOS = YES_AGGRESSIVE;
				GCC_WARN_UNUSED_FUNCTION = YES;
				GCC_WARN_UNUSED_VARIABLE = YES;
				IPHONEOS_DEPLOYMENT_TARGET = 16.0;
				MTL_ENABLE_DEBUG_INFO = INCLUDE_SOURCE;
				MTL_FAST_MATH = YES;
				ONLY_ACTIVE_ARCH = YES;
				SDKROOT = iphoneos;
				SWIFT_ACTIVE_COMPILATION_CONDITIONS = DEBUG;
				SWIFT_OPTIMIZATION_LEVEL = "-Onone";
			};
			name = Debug;
		};
		DD2FD6312962BB0000D48107 /* Release */ = {
			isa = XCBuildConfiguration;
			buildSettings = {
				ALWAYS_SEARCH_USER_PATHS = NO;
				CLANG_ANALYZER_NONNULL = YES;
				CLANG_ANALYZER_NUMBER_OBJECT_CONVERSION = YES_AGGRESSIVE;
				CLANG_CXX_LANGUAGE_STANDARD = "gnu++20";
				CLANG_ENABLE_MODULES = YES;
				CLANG_ENABLE_OBJC_ARC = YES;
				CLANG_ENABLE_OBJC_WEAK = YES;
				CLANG_WARN_BLOCK_CAPTURE_AUTORELEASING = YES;
				CLANG_WARN_BOOL_CONVERSION = YES;
				CLANG_WARN_COMMA = YES;
				CLANG_WARN_CONSTANT_CONVERSION = YES;
				CLANG_WARN_DEPRECATED_OBJC_IMPLEMENTATIONS = YES;
				CLANG_WARN_DIRECT_OBJC_ISA_USAGE = YES_ERROR;
				CLANG_WARN_DOCUMENTATION_COMMENTS = YES;
				CLANG_WARN_EMPTY_BODY = YES;
				CLANG_WARN_ENUM_CONVERSION = YES;
				CLANG_WARN_INFINITE_RECURSION = YES;
				CLANG_WARN_INT_CONVERSION = YES;
				CLANG_WARN_NON_LITERAL_NULL_CONVERSION = YES;
				CLANG_WARN_OBJC_IMPLICIT_RETAIN_SELF = YES;
				CLANG_WARN_OBJC_LITERAL_CONVERSION = YES;
				CLANG_WARN_OBJC_ROOT_CLASS = YES_ERROR;
				CLANG_WARN_QUOTED_INCLUDE_IN_FRAMEWORK_HEADER = YES;
				CLANG_WARN_RANGE_LOOP_ANALYSIS = YES;
				CLANG_WARN_STRICT_PROTOTYPES = YES;
				CLANG_WARN_SUSPICIOUS_MOVE = YES;
				CLANG_WARN_UNGUARDED_AVAILABILITY = YES_AGGRESSIVE;
				CLANG_WARN_UNREACHABLE_CODE = YES;
				CLANG_WARN__DUPLICATE_METHOD_MATCH = YES;
				COPY_PHASE_STRIP = NO;
				DEBUG_INFORMATION_FORMAT = "dwarf-with-dsym";
				ENABLE_NS_ASSERTIONS = NO;
				ENABLE_STRICT_OBJC_MSGSEND = YES;
				GCC_C_LANGUAGE_STANDARD = gnu11;
				GCC_NO_COMMON_BLOCKS = YES;
				GCC_WARN_64_TO_32_BIT_CONVERSION = YES;
				GCC_WARN_ABOUT_RETURN_TYPE = YES_ERROR;
				GCC_WARN_UNDECLARED_SELECTOR = YES;
				GCC_WARN_UNINITIALIZED_AUTOS = YES_AGGRESSIVE;
				GCC_WARN_UNUSED_FUNCTION = YES;
				GCC_WARN_UNUSED_VARIABLE = YES;
				IPHONEOS_DEPLOYMENT_TARGET = 16.0;
				MTL_ENABLE_DEBUG_INFO = NO;
				MTL_FAST_MATH = YES;
				SDKROOT = iphoneos;
				SWIFT_COMPILATION_MODE = wholemodule;
				SWIFT_OPTIMIZATION_LEVEL = "-O";
				VALIDATE_PRODUCT = YES;
			};
			name = Release;
		};
		DD2FD6332962BB0000D48107 /* Debug */ = {
			isa = XCBuildConfiguration;
			buildSettings = {
				ASSETCATALOG_COMPILER_APPICON_NAME = AppIcon;
				ASSETCATALOG_COMPILER_GLOBAL_ACCENT_COLOR_NAME = AccentColor;
				CODE_SIGN_STYLE = Automatic;
				CURRENT_PROJECT_VERSION = 1;
				DEVELOPMENT_TEAM = DC2CCCCLGJ;
				GENERATE_INFOPLIST_FILE = YES;
				INFOPLIST_FILE = "Movie App/Info.plist";
				INFOPLIST_KEY_UIApplicationSupportsIndirectInputEvents = YES;
				INFOPLIST_KEY_UILaunchStoryboardName = LaunchScreen;
				INFOPLIST_KEY_UISupportedInterfaceOrientations_iPad = "UIInterfaceOrientationPortrait UIInterfaceOrientationPortraitUpsideDown UIInterfaceOrientationLandscapeLeft UIInterfaceOrientationLandscapeRight";
				INFOPLIST_KEY_UISupportedInterfaceOrientations_iPhone = "UIInterfaceOrientationPortrait UIInterfaceOrientationLandscapeLeft UIInterfaceOrientationLandscapeRight";
				LD_RUNPATH_SEARCH_PATHS = (
					"$(inherited)",
					"@executable_path/Frameworks",
				);
				MARKETING_VERSION = 1.0;
				PRODUCT_BUNDLE_IDENTIFIER = "com.aligorkemaksoz.Movie-App";
				PRODUCT_NAME = "$(TARGET_NAME)";
				SWIFT_EMIT_LOC_STRINGS = YES;
				SWIFT_VERSION = 5.0;
				TARGETED_DEVICE_FAMILY = "1,2";
			};
			name = Debug;
		};
		DD2FD6342962BB0000D48107 /* Release */ = {
			isa = XCBuildConfiguration;
			buildSettings = {
				ASSETCATALOG_COMPILER_APPICON_NAME = AppIcon;
				ASSETCATALOG_COMPILER_GLOBAL_ACCENT_COLOR_NAME = AccentColor;
				CODE_SIGN_STYLE = Automatic;
				CURRENT_PROJECT_VERSION = 1;
				DEVELOPMENT_TEAM = DC2CCCCLGJ;
				GENERATE_INFOPLIST_FILE = YES;
				INFOPLIST_FILE = "Movie App/Info.plist";
				INFOPLIST_KEY_UIApplicationSupportsIndirectInputEvents = YES;
				INFOPLIST_KEY_UILaunchStoryboardName = LaunchScreen;
				INFOPLIST_KEY_UISupportedInterfaceOrientations_iPad = "UIInterfaceOrientationPortrait UIInterfaceOrientationPortraitUpsideDown UIInterfaceOrientationLandscapeLeft UIInterfaceOrientationLandscapeRight";
				INFOPLIST_KEY_UISupportedInterfaceOrientations_iPhone = "UIInterfaceOrientationPortrait UIInterfaceOrientationLandscapeLeft UIInterfaceOrientationLandscapeRight";
				LD_RUNPATH_SEARCH_PATHS = (
					"$(inherited)",
					"@executable_path/Frameworks",
				);
				MARKETING_VERSION = 1.0;
				PRODUCT_BUNDLE_IDENTIFIER = "com.aligorkemaksoz.Movie-App";
				PRODUCT_NAME = "$(TARGET_NAME)";
				SWIFT_EMIT_LOC_STRINGS = YES;
				SWIFT_VERSION = 5.0;
				TARGETED_DEVICE_FAMILY = "1,2";
			};
			name = Release;
		};
/* End XCBuildConfiguration section */

/* Begin XCConfigurationList section */
		DD2FD6192962BAFF00D48107 /* Build configuration list for PBXProject "Movie App" */ = {
			isa = XCConfigurationList;
			buildConfigurations = (
				DD2FD6302962BB0000D48107 /* Debug */,
				DD2FD6312962BB0000D48107 /* Release */,
			);
			defaultConfigurationIsVisible = 0;
			defaultConfigurationName = Release;
		};
		DD2FD6322962BB0000D48107 /* Build configuration list for PBXNativeTarget "Movie App" */ = {
			isa = XCConfigurationList;
			buildConfigurations = (
				DD2FD6332962BB0000D48107 /* Debug */,
				DD2FD6342962BB0000D48107 /* Release */,
			);
			defaultConfigurationIsVisible = 0;
			defaultConfigurationName = Release;
		};
/* End XCConfigurationList section */
	};
	rootObject = DD2FD6162962BAFF00D48107 /* Project object */;
}
